
Microsoft Visual Studio Solution File, Format Version 12.00
# Visual Studio 15
VisualStudioVersion = 15.0.26730.12
MinimumVisualStudioVersion = 10.0.40219.1
Project("{FAE04EC0-301F-11D3-BF4B-00C04F79EFBC}") = "Ejercicio 3 Examen Unidad 1", "Ejercicio 3 Examen Unidad 1\Ejercicio 3 Examen Unidad 1.csproj", "{59A07702-77B3-4540-B28D-C0506B19A9A0}"
EndProject
Global
	GlobalSection(SolutionConfigurationPlatforms) = preSolution
		Debug|Any CPU = Debug|Any CPU
		Release|Any CPU = Release|Any CPU
	EndGlobalSection
	GlobalSection(ProjectConfigurationPlatforms) = postSolution
		{59A07702-77B3-4540-B28D-C0506B19A9A0}.Debug|Any CPU.ActiveCfg = Debug|Any CPU
		{59A07702-77B3-4540-B28D-C0506B19A9A0}.Debug|Any CPU.Build.0 = Debug|Any CPU
		{59A07702-77B3-4540-B28D-C0506B19A9A0}.Release|Any CPU.ActiveCfg = Release|Any CPU
		{59A07702-77B3-4540-B28D-C0506B19A9A0}.Release|Any CPU.Build.0 = Release|Any CPU
	EndGlobalSection
	GlobalSection(SolutionProperties) = preSolution
		HideSolutionNode = FALSE
	EndGlobalSection
	GlobalSection(ExtensibilityGlobals) = postSolution
		SolutionGuid = {C7A88657-0CF4-4005-8559-241D0E7710E0}
	EndGlobalSection
EndGlobal
