
Microsoft Visual Studio Solution File, Format Version 12.00
# Visual Studio 15
VisualStudioVersion = 15.0.26730.12
MinimumVisualStudioVersion = 10.0.40219.1
Project("{FAE04EC0-301F-11D3-BF4B-00C04F79EFBC}") = "E3_Melendez Palafox Fernando Esau", "E3_Melendez Palafox Fernando Esau\E3_Melendez Palafox Fernando Esau.csproj", "{3FBA01D8-B6CB-4CF4-B51D-91CC9F7E19A7}"
EndProject
Global
	GlobalSection(SolutionConfigurationPlatforms) = preSolution
		Debug|Any CPU = Debug|Any CPU
		Release|Any CPU = Release|Any CPU
	EndGlobalSection
	GlobalSection(ProjectConfigurationPlatforms) = postSolution
		{3FBA01D8-B6CB-4CF4-B51D-91CC9F7E19A7}.Debug|Any CPU.ActiveCfg = Debug|Any CPU
		{3FBA01D8-B6CB-4CF4-B51D-91CC9F7E19A7}.Debug|Any CPU.Build.0 = Debug|Any CPU
		{3FBA01D8-B6CB-4CF4-B51D-91CC9F7E19A7}.Release|Any CPU.ActiveCfg = Release|Any CPU
		{3FBA01D8-B6CB-4CF4-B51D-91CC9F7E19A7}.Release|Any CPU.Build.0 = Release|Any CPU
	EndGlobalSection
	GlobalSection(SolutionProperties) = preSolution
		HideSolutionNode = FALSE
	EndGlobalSection
	GlobalSection(ExtensibilityGlobals) = postSolution
		SolutionGuid = {BCA37D84-1C67-45FD-956D-B207947AF6D2}
	EndGlobalSection
EndGlobal
