
Microsoft Visual Studio Solution File, Format Version 12.00
# Visual Studio 15
VisualStudioVersion = 15.0.26730.12
MinimumVisualStudioVersion = 10.0.40219.1
Project("{FAE04EC0-301F-11D3-BF4B-00C04F79EFBC}") = "E4_Melendez Palafox FErnando Esau", "E4_Melendez Palafox FErnando Esau\E4_Melendez Palafox FErnando Esau.csproj", "{9604146F-093C-4E50-A3F7-9CE34CD61AC4}"
EndProject
Global
	GlobalSection(SolutionConfigurationPlatforms) = preSolution
		Debug|Any CPU = Debug|Any CPU
		Release|Any CPU = Release|Any CPU
	EndGlobalSection
	GlobalSection(ProjectConfigurationPlatforms) = postSolution
		{9604146F-093C-4E50-A3F7-9CE34CD61AC4}.Debug|Any CPU.ActiveCfg = Debug|Any CPU
		{9604146F-093C-4E50-A3F7-9CE34CD61AC4}.Debug|Any CPU.Build.0 = Debug|Any CPU
		{9604146F-093C-4E50-A3F7-9CE34CD61AC4}.Release|Any CPU.ActiveCfg = Release|Any CPU
		{9604146F-093C-4E50-A3F7-9CE34CD61AC4}.Release|Any CPU.Build.0 = Release|Any CPU
	EndGlobalSection
	GlobalSection(SolutionProperties) = preSolution
		HideSolutionNode = FALSE
	EndGlobalSection
	GlobalSection(ExtensibilityGlobals) = postSolution
		SolutionGuid = {DCF79B2D-31DB-4FF1-8221-D9C55E60D1BF}
	EndGlobalSection
EndGlobal
