
Microsoft Visual Studio Solution File, Format Version 12.00
# Visual Studio 15
VisualStudioVersion = 15.0.26730.12
MinimumVisualStudioVersion = 10.0.40219.1
Project("{FAE04EC0-301F-11D3-BF4B-00C04F79EFBC}") = "E4- Melendez PAlafox Fernando Esau", "E4- Melendez PAlafox Fernando Esau\E4- Melendez PAlafox Fernando Esau.csproj", "{323EE3F4-C2EC-4674-925F-ABAC89F93B90}"
EndProject
Global
	GlobalSection(SolutionConfigurationPlatforms) = preSolution
		Debug|Any CPU = Debug|Any CPU
		Release|Any CPU = Release|Any CPU
	EndGlobalSection
	GlobalSection(ProjectConfigurationPlatforms) = postSolution
		{323EE3F4-C2EC-4674-925F-ABAC89F93B90}.Debug|Any CPU.ActiveCfg = Debug|Any CPU
		{323EE3F4-C2EC-4674-925F-ABAC89F93B90}.Debug|Any CPU.Build.0 = Debug|Any CPU
		{323EE3F4-C2EC-4674-925F-ABAC89F93B90}.Release|Any CPU.ActiveCfg = Release|Any CPU
		{323EE3F4-C2EC-4674-925F-ABAC89F93B90}.Release|Any CPU.Build.0 = Release|Any CPU
	EndGlobalSection
	GlobalSection(SolutionProperties) = preSolution
		HideSolutionNode = FALSE
	EndGlobalSection
	GlobalSection(ExtensibilityGlobals) = postSolution
		SolutionGuid = {A4315275-7138-4C7F-9D42-D0A2C9EA7E83}
	EndGlobalSection
EndGlobal
