
Microsoft Visual Studio Solution File, Format Version 12.00
# Visual Studio 15
VisualStudioVersion = 15.0.26730.12
MinimumVisualStudioVersion = 10.0.40219.1
Project("{FAE04EC0-301F-11D3-BF4B-00C04F79EFBC}") = "E5 Melendez Palafox Fernando Esau", "E5 Melendez Palafox Fernando Esau\E5 Melendez Palafox Fernando Esau.csproj", "{79A8E737-F160-45FC-A104-0965C665C914}"
EndProject
Global
	GlobalSection(SolutionConfigurationPlatforms) = preSolution
		Debug|Any CPU = Debug|Any CPU
		Release|Any CPU = Release|Any CPU
	EndGlobalSection
	GlobalSection(ProjectConfigurationPlatforms) = postSolution
		{79A8E737-F160-45FC-A104-0965C665C914}.Debug|Any CPU.ActiveCfg = Debug|Any CPU
		{79A8E737-F160-45FC-A104-0965C665C914}.Debug|Any CPU.Build.0 = Debug|Any CPU
		{79A8E737-F160-45FC-A104-0965C665C914}.Release|Any CPU.ActiveCfg = Release|Any CPU
		{79A8E737-F160-45FC-A104-0965C665C914}.Release|Any CPU.Build.0 = Release|Any CPU
	EndGlobalSection
	GlobalSection(SolutionProperties) = preSolution
		HideSolutionNode = FALSE
	EndGlobalSection
	GlobalSection(ExtensibilityGlobals) = postSolution
		SolutionGuid = {C443ABE6-8ABC-4D61-B8E7-70355269A913}
	EndGlobalSection
EndGlobal
